
Microsoft Visual Studio Solution File, Format Version 12.00
# Visual Studio Version 17
VisualStudioVersion = 17.9.34728.123
MinimumVisualStudioVersion = 10.0.40219.1
Project("{FAE04EC0-301F-11D3-BF4B-00C04F79EFBC}") = "PARCIAL_2", "PARCIAL_2\PARCIAL_2.csproj", "{48BA2650-69FE-4847-88ED-AEC8341036EE}"
EndProject
Global
	GlobalSection(SolutionConfigurationPlatforms) = preSolution
		Debug|Any CPU = Debug|Any CPU
		Release|Any CPU = Release|Any CPU
	EndGlobalSection
	GlobalSection(ProjectConfigurationPlatforms) = postSolution
		{48BA2650-69FE-4847-88ED-AEC8341036EE}.Debug|Any CPU.ActiveCfg = Debug|Any CPU
		{48BA2650-69FE-4847-88ED-AEC8341036EE}.Debug|Any CPU.Build.0 = Debug|Any CPU
		{48BA2650-69FE-4847-88ED-AEC8341036EE}.Release|Any CPU.ActiveCfg = Release|Any CPU
		{48BA2650-69FE-4847-88ED-AEC8341036EE}.Release|Any CPU.Build.0 = Release|Any CPU
	EndGlobalSection
	GlobalSection(SolutionProperties) = preSolution
		HideSolutionNode = FALSE
	EndGlobalSection
	GlobalSection(ExtensibilityGlobals) = postSolution
		SolutionGuid = {EDD6AB3B-5141-4D10-B438-11ECE68C10FA}
	EndGlobalSection
EndGlobal
